// !$*UTF8*$!
{
	archiveVersion = 1;
	classes = {
	};
	objectVersion = 56;
	objects = {

/* Begin PBXBuildFile section */
		FB3B2A892BDBE8FB0054B797 /* AuthorizationViewController.swift in Sources */ = {isa = PBXBuildFile; fileRef = FB3B2A882BDBE8FB0054B797 /* AuthorizationViewController.swift */; };
		FB3B2A8D2BDC3D0B0054B797 /* AuthorizationViewModel.swift in Sources */ = {isa = PBXBuildFile; fileRef = FB3B2A8C2BDC3D0B0054B797 /* AuthorizationViewModel.swift */; };
		FB828BC52BD95CC300680969 /* CountriesListViewModel.swift in Sources */ = {isa = PBXBuildFile; fileRef = FB828BC42BD95CC300680969 /* CountriesListViewModel.swift */; };
		FB828BCA2BD969FD00680969 /* CountryDetailViewModel.swift in Sources */ = {isa = PBXBuildFile; fileRef = FB828BC92BD969FD00680969 /* CountryDetailViewModel.swift */; };
		FB9311CF2BD67F52001AD872 /* UIImageView+Extension.swift in Sources */ = {isa = PBXBuildFile; fileRef = FB9311CE2BD67F52001AD872 /* UIImageView+Extension.swift */; };
		FBF4F8982BD53F15006B1C81 /* AppDelegate.swift in Sources */ = {isa = PBXBuildFile; fileRef = FBF4F8972BD53F15006B1C81 /* AppDelegate.swift */; };
		FBF4F89A2BD53F15006B1C81 /* SceneDelegate.swift in Sources */ = {isa = PBXBuildFile; fileRef = FBF4F8992BD53F15006B1C81 /* SceneDelegate.swift */; };
		FBF4F89C2BD53F15006B1C81 /* CountriesListViewController.swift in Sources */ = {isa = PBXBuildFile; fileRef = FBF4F89B2BD53F15006B1C81 /* CountriesListViewController.swift */; };
		FBF4F8A12BD53F17006B1C81 /* Assets.xcassets in Resources */ = {isa = PBXBuildFile; fileRef = FBF4F8A02BD53F17006B1C81 /* Assets.xcassets */; };
		FBF4F8A42BD53F17006B1C81 /* Base in Resources */ = {isa = PBXBuildFile; fileRef = FBF4F8A32BD53F17006B1C81 /* Base */; };
		FBF4F8AC2BD540AC006B1C81 /* CountriesCellsTableViewCell.swift in Sources */ = {isa = PBXBuildFile; fileRef = FBF4F8AB2BD540AC006B1C81 /* CountriesCellsTableViewCell.swift */; };
		FBF4F8AE2BD5499D006B1C81 /* Country.swift in Sources */ = {isa = PBXBuildFile; fileRef = FBF4F8AD2BD5499D006B1C81 /* Country.swift */; };
		FBF4F8B02BD55218006B1C81 /* CountryDetailViewController.swift in Sources */ = {isa = PBXBuildFile; fileRef = FBF4F8AF2BD55218006B1C81 /* CountryDetailViewController.swift */; };
/* End PBXBuildFile section */

/* Begin PBXFileReference section */
		FB3B2A882BDBE8FB0054B797 /* AuthorizationViewController.swift */ = {isa = PBXFileReference; lastKnownFileType = sourcecode.swift; path = AuthorizationViewController.swift; sourceTree = "<group>"; };
		FB3B2A8C2BDC3D0B0054B797 /* AuthorizationViewModel.swift */ = {isa = PBXFileReference; lastKnownFileType = sourcecode.swift; path = AuthorizationViewModel.swift; sourceTree = "<group>"; };
		FB828BC42BD95CC300680969 /* CountriesListViewModel.swift */ = {isa = PBXFileReference; lastKnownFileType = sourcecode.swift; path = CountriesListViewModel.swift; sourceTree = "<group>"; };
		FB828BC92BD969FD00680969 /* CountryDetailViewModel.swift */ = {isa = PBXFileReference; lastKnownFileType = sourcecode.swift; path = CountryDetailViewModel.swift; sourceTree = "<group>"; };
		FB9311CE2BD67F52001AD872 /* UIImageView+Extension.swift */ = {isa = PBXFileReference; lastKnownFileType = sourcecode.swift; path = "UIImageView+Extension.swift"; sourceTree = "<group>"; };
		FBF4F8942BD53F15006B1C81 /* CountriesApp.app */ = {isa = PBXFileReference; explicitFileType = wrapper.application; includeInIndex = 0; path = CountriesApp.app; sourceTree = BUILT_PRODUCTS_DIR; };
		FBF4F8972BD53F15006B1C81 /* AppDelegate.swift */ = {isa = PBXFileReference; lastKnownFileType = sourcecode.swift; path = AppDelegate.swift; sourceTree = "<group>"; };
		FBF4F8992BD53F15006B1C81 /* SceneDelegate.swift */ = {isa = PBXFileReference; lastKnownFileType = sourcecode.swift; path = SceneDelegate.swift; sourceTree = "<group>"; };
		FBF4F89B2BD53F15006B1C81 /* CountriesListViewController.swift */ = {isa = PBXFileReference; lastKnownFileType = sourcecode.swift; path = CountriesListViewController.swift; sourceTree = "<group>"; };
		FBF4F8A02BD53F17006B1C81 /* Assets.xcassets */ = {isa = PBXFileReference; lastKnownFileType = folder.assetcatalog; path = Assets.xcassets; sourceTree = "<group>"; };
		FBF4F8A32BD53F17006B1C81 /* Base */ = {isa = PBXFileReference; lastKnownFileType = file.storyboard; name = Base; path = Base.lproj/LaunchScreen.storyboard; sourceTree = "<group>"; };
		FBF4F8A52BD53F17006B1C81 /* Info.plist */ = {isa = PBXFileReference; lastKnownFileType = text.plist.xml; path = Info.plist; sourceTree = "<group>"; };
		FBF4F8AB2BD540AC006B1C81 /* CountriesCellsTableViewCell.swift */ = {isa = PBXFileReference; lastKnownFileType = sourcecode.swift; path = CountriesCellsTableViewCell.swift; sourceTree = "<group>"; };
		FBF4F8AD2BD5499D006B1C81 /* Country.swift */ = {isa = PBXFileReference; lastKnownFileType = sourcecode.swift; path = Country.swift; sourceTree = "<group>"; };
		FBF4F8AF2BD55218006B1C81 /* CountryDetailViewController.swift */ = {isa = PBXFileReference; lastKnownFileType = sourcecode.swift; path = CountryDetailViewController.swift; sourceTree = "<group>"; };
/* End PBXFileReference section */

/* Begin PBXFrameworksBuildPhase section */
		FBF4F8912BD53F15006B1C81 /* Frameworks */ = {
			isa = PBXFrameworksBuildPhase;
			buildActionMask = 2147483647;
			files = (
			);
			runOnlyForDeploymentPostprocessing = 0;
		};
/* End PBXFrameworksBuildPhase section */

/* Begin PBXGroup section */
		FB3B2A872BDBE8900054B797 /* AuthorizationPage */ = {
			isa = PBXGroup;
			children = (
				FB3B2A882BDBE8FB0054B797 /* AuthorizationViewController.swift */,
				FB3B2A8C2BDC3D0B0054B797 /* AuthorizationViewModel.swift */,
			);
			path = AuthorizationPage;
			sourceTree = "<group>";
		};
		FB828BC62BD969B800680969 /* ContriesList */ = {
			isa = PBXGroup;
			children = (
				FB9311D22BD68D36001AD872 /* Cell */,
				FBF4F89B2BD53F15006B1C81 /* CountriesListViewController.swift */,
				FB828BC42BD95CC300680969 /* CountriesListViewModel.swift */,
			);
			path = ContriesList;
			sourceTree = "<group>";
		};
		FB828BC72BD969C900680969 /* CountriesDetails */ = {
			isa = PBXGroup;
			children = (
				FBF4F8AF2BD55218006B1C81 /* CountryDetailViewController.swift */,
				FB828BC92BD969FD00680969 /* CountryDetailViewModel.swift */,
			);
			path = CountriesDetails;
			sourceTree = "<group>";
		};
		FB828BCB2BD970E200680969 /* Resources */ = {
			isa = PBXGroup;
			children = (
				FBF4F8A02BD53F17006B1C81 /* Assets.xcassets */,
				FBF4F8A22BD53F17006B1C81 /* LaunchScreen.storyboard */,
			);
			path = Resources;
			sourceTree = "<group>";
		};
		FB9311D02BD68CC3001AD872 /* App */ = {
			isa = PBXGroup;
			children = (
				FBF4F8972BD53F15006B1C81 /* AppDelegate.swift */,
				FBF4F8992BD53F15006B1C81 /* SceneDelegate.swift */,
			);
			path = App;
			sourceTree = "<group>";
		};
		FB9311D12BD68CEC001AD872 /* Models */ = {
			isa = PBXGroup;
			children = (
				FBF4F8AD2BD5499D006B1C81 /* Country.swift */,
			);
			path = Models;
			sourceTree = "<group>";
		};
		FB9311D22BD68D36001AD872 /* Cell */ = {
			isa = PBXGroup;
			children = (
				FBF4F8AB2BD540AC006B1C81 /* CountriesCellsTableViewCell.swift */,
			);
			path = Cell;
			sourceTree = "<group>";
		};
		FB9311D32BD68D5C001AD872 /* Scenes */ = {
			isa = PBXGroup;
			children = (
				FB3B2A872BDBE8900054B797 /* AuthorizationPage */,
				FB828BC72BD969C900680969 /* CountriesDetails */,
				FB828BC62BD969B800680969 /* ContriesList */,
			);
			path = Scenes;
			sourceTree = "<group>";
		};
		FB9311D42BD68E43001AD872 /* Extensions */ = {
			isa = PBXGroup;
			children = (
				FB9311CE2BD67F52001AD872 /* UIImageView+Extension.swift */,
			);
			path = Extensions;
			sourceTree = "<group>";
		};
		FBF4F88B2BD53F15006B1C81 = {
			isa = PBXGroup;
			children = (
				FBF4F8962BD53F15006B1C81 /* CountriesApp */,
				FBF4F8952BD53F15006B1C81 /* Products */,
			);
			sourceTree = "<group>";
		};
		FBF4F8952BD53F15006B1C81 /* Products */ = {
			isa = PBXGroup;
			children = (
				FBF4F8942BD53F15006B1C81 /* CountriesApp.app */,
			);
			name = Products;
			sourceTree = "<group>";
		};
		FBF4F8962BD53F15006B1C81 /* CountriesApp */ = {
			isa = PBXGroup;
			children = (
				FB9311D02BD68CC3001AD872 /* App */,
				FB9311D32BD68D5C001AD872 /* Scenes */,
				FB9311D12BD68CEC001AD872 /* Models */,
				FB9311D42BD68E43001AD872 /* Extensions */,
				FB828BCB2BD970E200680969 /* Resources */,
				FBF4F8A52BD53F17006B1C81 /* Info.plist */,
			);
			path = CountriesApp;
			sourceTree = "<group>";
		};
/* End PBXGroup section */

/* Begin PBXNativeTarget section */
		FBF4F8932BD53F15006B1C81 /* CountriesApp */ = {
			isa = PBXNativeTarget;
			buildConfigurationList = FBF4F8A82BD53F17006B1C81 /* Build configuration list for PBXNativeTarget "CountriesApp" */;
			buildPhases = (
				FBF4F8902BD53F15006B1C81 /* Sources */,
				FBF4F8912BD53F15006B1C81 /* Frameworks */,
				FBF4F8922BD53F15006B1C81 /* Resources */,
			);
			buildRules = (
			);
			dependencies = (
			);
			name = CountriesApp;
			productName = CountriesApp;
			productReference = FBF4F8942BD53F15006B1C81 /* CountriesApp.app */;
			productType = "com.apple.product-type.application";
		};
/* End PBXNativeTarget section */

/* Begin PBXProject section */
		FBF4F88C2BD53F15006B1C81 /* Project object */ = {
			isa = PBXProject;
			attributes = {
				BuildIndependentTargetsInParallel = 1;
				LastSwiftUpdateCheck = 1530;
				LastUpgradeCheck = 1530;
				TargetAttributes = {
					FBF4F8932BD53F15006B1C81 = {
						CreatedOnToolsVersion = 15.3;
					};
				};
			};
			buildConfigurationList = FBF4F88F2BD53F15006B1C81 /* Build configuration list for PBXProject "CountriesApp" */;
			compatibilityVersion = "Xcode 14.0";
			developmentRegion = en;
			hasScannedForEncodings = 0;
			knownRegions = (
				en,
				Base,
			);
			mainGroup = FBF4F88B2BD53F15006B1C81;
			productRefGroup = FBF4F8952BD53F15006B1C81 /* Products */;
			projectDirPath = "";
			projectRoot = "";
			targets = (
				FBF4F8932BD53F15006B1C81 /* CountriesApp */,
			);
		};
/* End PBXProject section */

/* Begin PBXResourcesBuildPhase section */
		FBF4F8922BD53F15006B1C81 /* Resources */ = {
			isa = PBXResourcesBuildPhase;
			buildActionMask = 2147483647;
			files = (
				FBF4F8A12BD53F17006B1C81 /* Assets.xcassets in Resources */,
				FBF4F8A42BD53F17006B1C81 /* Base in Resources */,
			);
			runOnlyForDeploymentPostprocessing = 0;
		};
/* End PBXResourcesBuildPhase section */

/* Begin PBXSourcesBuildPhase section */
		FBF4F8902BD53F15006B1C81 /* Sources */ = {
			isa = PBXSourcesBuildPhase;
			buildActionMask = 2147483647;
			files = (
				FB3B2A8D2BDC3D0B0054B797 /* AuthorizationViewModel.swift in Sources */,
				FBF4F89C2BD53F15006B1C81 /* CountriesListViewController.swift in Sources */,
				FBF4F8982BD53F15006B1C81 /* AppDelegate.swift in Sources */,
				FB9311CF2BD67F52001AD872 /* UIImageView+Extension.swift in Sources */,
				FB828BC52BD95CC300680969 /* CountriesListViewModel.swift in Sources */,
				FBF4F8AC2BD540AC006B1C81 /* CountriesCellsTableViewCell.swift in Sources */,
				FBF4F89A2BD53F15006B1C81 /* SceneDelegate.swift in Sources */,
				FBF4F8B02BD55218006B1C81 /* CountryDetailViewController.swift in Sources */,
				FBF4F8AE2BD5499D006B1C81 /* Country.swift in Sources */,
				FB3B2A892BDBE8FB0054B797 /* AuthorizationViewController.swift in Sources */,
				FB828BCA2BD969FD00680969 /* CountryDetailViewModel.swift in Sources */,
			);
			runOnlyForDeploymentPostprocessing = 0;
		};
/* End PBXSourcesBuildPhase section */

/* Begin PBXVariantGroup section */
		FBF4F8A22BD53F17006B1C81 /* LaunchScreen.storyboard */ = {
			isa = PBXVariantGroup;
			children = (
				FBF4F8A32BD53F17006B1C81 /* Base */,
			);
			name = LaunchScreen.storyboard;
			sourceTree = "<group>";
		};
/* End PBXVariantGroup section */

/* Begin XCBuildConfiguration section */
		FBF4F8A62BD53F17006B1C81 /* Debug */ = {
			isa = XCBuildConfiguration;
			buildSettings = {
				ALWAYS_SEARCH_USER_PATHS = NO;
				ASSETCATALOG_COMPILER_GENERATE_SWIFT_ASSET_SYMBOL_EXTENSIONS = YES;
				CLANG_ANALYZER_NONNULL = YES;
				CLANG_ANALYZER_NUMBER_OBJECT_CONVERSION = YES_AGGRESSIVE;
				CLANG_CXX_LANGUAGE_STANDARD = "gnu++20";
				CLANG_ENABLE_MODULES = YES;
				CLANG_ENABLE_OBJC_ARC = YES;
				CLANG_ENABLE_OBJC_WEAK = YES;
				CLANG_WARN_BLOCK_CAPTURE_AUTORELEASING = YES;
				CLANG_WARN_BOOL_CONVERSION = YES;
				CLANG_WARN_COMMA = YES;
				CLANG_WARN_CONSTANT_CONVERSION = YES;
				CLANG_WARN_DEPRECATED_OBJC_IMPLEMENTATIONS = YES;
				CLANG_WARN_DIRECT_OBJC_ISA_USAGE = YES_ERROR;
				CLANG_WARN_DOCUMENTATION_COMMENTS = YES;
				CLANG_WARN_EMPTY_BODY = YES;
				CLANG_WARN_ENUM_CONVERSION = YES;
				CLANG_WARN_INFINITE_RECURSION = YES;
				CLANG_WARN_INT_CONVERSION = YES;
				CLANG_WARN_NON_LITERAL_NULL_CONVERSION = YES;
				CLANG_WARN_OBJC_IMPLICIT_RETAIN_SELF = YES;
				CLANG_WARN_OBJC_LITERAL_CONVERSION = YES;
				CLANG_WARN_OBJC_ROOT_CLASS = YES_ERROR;
				CLANG_WARN_QUOTED_INCLUDE_IN_FRAMEWORK_HEADER = YES;
				CLANG_WARN_RANGE_LOOP_ANALYSIS = YES;
				CLANG_WARN_STRICT_PROTOTYPES = YES;
				CLANG_WARN_SUSPICIOUS_MOVE = YES;
				CLANG_WARN_UNGUARDED_AVAILABILITY = YES_AGGRESSIVE;
				CLANG_WARN_UNREACHABLE_CODE = YES;
				CLANG_WARN__DUPLICATE_METHOD_MATCH = YES;
				COPY_PHASE_STRIP = NO;
				DEBUG_INFORMATION_FORMAT = dwarf;
				ENABLE_STRICT_OBJC_MSGSEND = YES;
				ENABLE_TESTABILITY = YES;
				ENABLE_USER_SCRIPT_SANDBOXING = YES;
				GCC_C_LANGUAGE_STANDARD = gnu17;
				GCC_DYNAMIC_NO_PIC = NO;
				GCC_NO_COMMON_BLOCKS = YES;
				GCC_OPTIMIZATION_LEVEL = 0;
				GCC_PREPROCESSOR_DEFINITIONS = (
					"DEBUG=1",
					"$(inherited)",
				);
				GCC_WARN_64_TO_32_BIT_CONVERSION = YES;
				GCC_WARN_ABOUT_RETURN_TYPE = YES_ERROR;
				GCC_WARN_UNDECLARED_SELECTOR = YES;
				GCC_WARN_UNINITIALIZED_AUTOS = YES_AGGRESSIVE;
				GCC_WARN_UNUSED_FUNCTION = YES;
				GCC_WARN_UNUSED_VARIABLE = YES;
				IPHONEOS_DEPLOYMENT_TARGET = 17.4;
				LOCALIZATION_PREFERS_STRING_CATALOGS = YES;
				MTL_ENABLE_DEBUG_INFO = INCLUDE_SOURCE;
				MTL_FAST_MATH = YES;
				ONLY_ACTIVE_ARCH = YES;
				SDKROOT = iphoneos;
				SWIFT_ACTIVE_COMPILATION_CONDITIONS = "DEBUG $(inherited)";
				SWIFT_OPTIMIZATION_LEVEL = "-Onone";
			};
			name = Debug;
		};
		FBF4F8A72BD53F17006B1C81 /* Release */ = {
			isa = XCBuildConfiguration;
			buildSettings = {
				ALWAYS_SEARCH_USER_PATHS = NO;
				ASSETCATALOG_COMPILER_GENERATE_SWIFT_ASSET_SYMBOL_EXTENSIONS = YES;
				CLANG_ANALYZER_NONNULL = YES;
				CLANG_ANALYZER_NUMBER_OBJECT_CONVERSION = YES_AGGRESSIVE;
				CLANG_CXX_LANGUAGE_STANDARD = "gnu++20";
				CLANG_ENABLE_MODULES = YES;
				CLANG_ENABLE_OBJC_ARC = YES;
				CLANG_ENABLE_OBJC_WEAK = YES;
				CLANG_WARN_BLOCK_CAPTURE_AUTORELEASING = YES;
				CLANG_WARN_BOOL_CONVERSION = YES;
				CLANG_WARN_COMMA = YES;
				CLANG_WARN_CONSTANT_CONVERSION = YES;
				CLANG_WARN_DEPRECATED_OBJC_IMPLEMENTATIONS = YES;
				CLANG_WARN_DIRECT_OBJC_ISA_USAGE = YES_ERROR;
				CLANG_WARN_DOCUMENTATION_COMMENTS = YES;
				CLANG_WARN_EMPTY_BODY = YES;
				CLANG_WARN_ENUM_CONVERSION = YES;
				CLANG_WARN_INFINITE_RECURSION = YES;
				CLANG_WARN_INT_CONVERSION = YES;
				CLANG_WARN_NON_LITERAL_NULL_CONVERSION = YES;
				CLANG_WARN_OBJC_IMPLICIT_RETAIN_SELF = YES;
				CLANG_WARN_OBJC_LITERAL_CONVERSION = YES;
				CLANG_WARN_OBJC_ROOT_CLASS = YES_ERROR;
				CLANG_WARN_QUOTED_INCLUDE_IN_FRAMEWORK_HEADER = YES;
				CLANG_WARN_RANGE_LOOP_ANALYSIS = YES;
				CLANG_WARN_STRICT_PROTOTYPES = YES;
				CLANG_WARN_SUSPICIOUS_MOVE = YES;
				CLANG_WARN_UNGUARDED_AVAILABILITY = YES_AGGRESSIVE;
				CLANG_WARN_UNREACHABLE_CODE = YES;
				CLANG_WARN__DUPLICATE_METHOD_MATCH = YES;
				COPY_PHASE_STRIP = NO;
				DEBUG_INFORMATION_FORMAT = "dwarf-with-dsym";
				ENABLE_NS_ASSERTIONS = NO;
				ENABLE_STRICT_OBJC_MSGSEND = YES;
				ENABLE_USER_SCRIPT_SANDBOXING = YES;
				GCC_C_LANGUAGE_STANDARD = gnu17;
				GCC_NO_COMMON_BLOCKS = YES;
				GCC_WARN_64_TO_32_BIT_CONVERSION = YES;
				GCC_WARN_ABOUT_RETURN_TYPE = YES_ERROR;
				GCC_WARN_UNDECLARED_SELECTOR = YES;
				GCC_WARN_UNINITIALIZED_AUTOS = YES_AGGRESSIVE;
				GCC_WARN_UNUSED_FUNCTION = YES;
				GCC_WARN_UNUSED_VARIABLE = YES;
				IPHONEOS_DEPLOYMENT_TARGET = 17.4;
				LOCALIZATION_PREFERS_STRING_CATALOGS = YES;
				MTL_ENABLE_DEBUG_INFO = NO;
				MTL_FAST_MATH = YES;
				SDKROOT = iphoneos;
				SWIFT_COMPILATION_MODE = wholemodule;
				VALIDATE_PRODUCT = YES;
			};
			name = Release;
		};
		FBF4F8A92BD53F17006B1C81 /* Debug */ = {
			isa = XCBuildConfiguration;
			buildSettings = {
				ASSETCATALOG_COMPILER_APPICON_NAME = AppIcon;
				ASSETCATALOG_COMPILER_GLOBAL_ACCENT_COLOR_NAME = AccentColor;
				CODE_SIGN_STYLE = Manual;
				CURRENT_PROJECT_VERSION = 1;
				DEVELOPMENT_TEAM = "";
				GENERATE_INFOPLIST_FILE = YES;
				INFOPLIST_FILE = CountriesApp/Info.plist;
				INFOPLIST_KEY_UIApplicationSupportsIndirectInputEvents = YES;
				INFOPLIST_KEY_UILaunchStoryboardName = LaunchScreen;
				INFOPLIST_KEY_UISupportedInterfaceOrientations_iPad = "UIInterfaceOrientationPortrait UIInterfaceOrientationPortraitUpsideDown UIInterfaceOrientationLandscapeLeft UIInterfaceOrientationLandscapeRight";
				INFOPLIST_KEY_UISupportedInterfaceOrientations_iPhone = "UIInterfaceOrientationPortrait UIInterfaceOrientationLandscapeLeft UIInterfaceOrientationLandscapeRight";
				LD_RUNPATH_SEARCH_PATHS = (
					"$(inherited)",
					"@executable_path/Frameworks",
				);
				MARKETING_VERSION = 1.0;
				PRODUCT_BUNDLE_IDENTIFIER = TBC.CountriesApp;
				PRODUCT_NAME = "$(TARGET_NAME)";
				PROVISIONING_PROFILE_SPECIFIER = "";
				SWIFT_EMIT_LOC_STRINGS = YES;
				SWIFT_VERSION = 5.0;
				TARGETED_DEVICE_FAMILY = "1,2";
			};
			name = Debug;
		};
		FBF4F8AA2BD53F17006B1C81 /* Release */ = {
			isa = XCBuildConfiguration;
			buildSettings = {
				ASSETCATALOG_COMPILER_APPICON_NAME = AppIcon;
				ASSETCATALOG_COMPILER_GLOBAL_ACCENT_COLOR_NAME = AccentColor;
				CODE_SIGN_STYLE = Manual;
				CURRENT_PROJECT_VERSION = 1;
				DEVELOPMENT_TEAM = "";
				GENERATE_INFOPLIST_FILE = YES;
				INFOPLIST_FILE = CountriesApp/Info.plist;
				INFOPLIST_KEY_UIApplicationSupportsIndirectInputEvents = YES;
				INFOPLIST_KEY_UILaunchStoryboardName = LaunchScreen;
				INFOPLIST_KEY_UISupportedInterfaceOrientations_iPad = "UIInterfaceOrientationPortrait UIInterfaceOrientationPortraitUpsideDown UIInterfaceOrientationLandscapeLeft UIInterfaceOrientationLandscapeRight";
				INFOPLIST_KEY_UISupportedInterfaceOrientations_iPhone = "UIInterfaceOrientationPortrait UIInterfaceOrientationLandscapeLeft UIInterfaceOrientationLandscapeRight";
				LD_RUNPATH_SEARCH_PATHS = (
					"$(inherited)",
					"@executable_path/Frameworks",
				);
				MARKETING_VERSION = 1.0;
				PRODUCT_BUNDLE_IDENTIFIER = TBC.CountriesApp;
				PRODUCT_NAME = "$(TARGET_NAME)";
				PROVISIONING_PROFILE_SPECIFIER = "";
				SWIFT_EMIT_LOC_STRINGS = YES;
				SWIFT_VERSION = 5.0;
				TARGETED_DEVICE_FAMILY = "1,2";
			};
			name = Release;
		};
/* End XCBuildConfiguration section */

/* Begin XCConfigurationList section */
		FBF4F88F2BD53F15006B1C81 /* Build configuration list for PBXProject "CountriesApp" */ = {
			isa = XCConfigurationList;
			buildConfigurations = (
				FBF4F8A62BD53F17006B1C81 /* Debug */,
				FBF4F8A72BD53F17006B1C81 /* Release */,
			);
			defaultConfigurationIsVisible = 0;
			defaultConfigurationName = Release;
		};
		FBF4F8A82BD53F17006B1C81 /* Build configuration list for PBXNativeTarget "CountriesApp" */ = {
			isa = XCConfigurationList;
			buildConfigurations = (
				FBF4F8A92BD53F17006B1C81 /* Debug */,
				FBF4F8AA2BD53F17006B1C81 /* Release */,
			);
			defaultConfigurationIsVisible = 0;
			defaultConfigurationName = Release;
		};
/* End XCConfigurationList section */
	};
	rootObject = FBF4F88C2BD53F15006B1C81 /* Project object */;
}
